Microsoft Visual Studio Solution File, Format Version 12.00
# Visual Studio Version 17
VisualStudioVersion = 17.5.2.0
MinimumVisualStudioVersion = 10.0.40219.1
Project("{FAE04EC0-301F-11D3-BF4B-00C04F79EFBC}") = "CollectionProgramDemo", "CollectionProgramDemo.csproj", "{2F535665-E6BF-EEB6-8DD1-B7BEFCD9A667}"
EndProject
Global
	GlobalSection(SolutionConfigurationPlatforms) = preSolution
		Debug|Any CPU = Debug|Any CPU
		Release|Any CPU = Release|Any CPU
	EndGlobalSection
	GlobalSection(ProjectConfigurationPlatforms) = postSolution
		{2F535665-E6BF-EEB6-8DD1-B7BEFCD9A667}.Debug|Any CPU.ActiveCfg = Debug|Any CPU
		{2F535665-E6BF-EEB6-8DD1-B7BEFCD9A667}.Debug|Any CPU.Build.0 = Debug|Any CPU
		{2F535665-E6BF-EEB6-8DD1-B7BEFCD9A667}.Release|Any CPU.ActiveCfg = Release|Any CPU
		{2F535665-E6BF-EEB6-8DD1-B7BEFCD9A667}.Release|Any CPU.Build.0 = Release|Any CPU
	EndGlobalSection
	GlobalSection(SolutionProperties) = preSolution
		HideSolutionNode = FALSE
	EndGlobalSection
	GlobalSection(ExtensibilityGlobals) = postSolution
		SolutionGuid = {6C8AB71E-BE56-4401-86C1-559AE802E230}
	EndGlobalSection
EndGlobal
