Microsoft Visual Studio Solution File, Format Version 12.00
# Visual Studio Version 17
VisualStudioVersion = 17.5.2.0
MinimumVisualStudioVersion = 10.0.40219.1
Project("{FAE04EC0-301F-11D3-BF4B-00C04F79EFBC}") = "SmartBank-Customer credit Risk Evalution System", "SmartBank-Customer credit Risk Evalution System.csproj", "{F07ACFCC-48F2-A477-00F7-AECFEBD3F5F1}"
EndProject
Global
	GlobalSection(SolutionConfigurationPlatforms) = preSolution
		Debug|Any CPU = Debug|Any CPU
		Release|Any CPU = Release|Any CPU
	EndGlobalSection
	GlobalSection(ProjectConfigurationPlatforms) = postSolution
		{F07ACFCC-48F2-A477-00F7-AECFEBD3F5F1}.Debug|Any CPU.ActiveCfg = Debug|Any CPU
		{F07ACFCC-48F2-A477-00F7-AECFEBD3F5F1}.Debug|Any CPU.Build.0 = Debug|Any CPU
		{F07ACFCC-48F2-A477-00F7-AECFEBD3F5F1}.Release|Any CPU.ActiveCfg = Release|Any CPU
		{F07ACFCC-48F2-A477-00F7-AECFEBD3F5F1}.Release|Any CPU.Build.0 = Release|Any CPU
	EndGlobalSection
	GlobalSection(SolutionProperties) = preSolution
		HideSolutionNode = FALSE
	EndGlobalSection
	GlobalSection(ExtensibilityGlobals) = postSolution
		SolutionGuid = {60B9E091-3582-494B-A31D-5495D6B4EE7C}
	EndGlobalSection
EndGlobal
