Microsoft Visual Studio Solution File, Format Version 12.00
# Visual Studio Version 17
VisualStudioVersion = 17.5.2.0
MinimumVisualStudioVersion = 10.0.40219.1
Project("{FAE04EC0-301F-11D3-BF4B-00C04F79EFBC}") = "E-Commerce inventory system 2", "E-Commerce inventory system 2.csproj", "{D5DBB9DF-5569-C95B-42A6-74A53B96A4FF}"
EndProject
Global
	GlobalSection(SolutionConfigurationPlatforms) = preSolution
		Debug|Any CPU = Debug|Any CPU
		Release|Any CPU = Release|Any CPU
	EndGlobalSection
	GlobalSection(ProjectConfigurationPlatforms) = postSolution
		{D5DBB9DF-5569-C95B-42A6-74A53B96A4FF}.Debug|Any CPU.ActiveCfg = Debug|Any CPU
		{D5DBB9DF-5569-C95B-42A6-74A53B96A4FF}.Debug|Any CPU.Build.0 = Debug|Any CPU
		{D5DBB9DF-5569-C95B-42A6-74A53B96A4FF}.Release|Any CPU.ActiveCfg = Release|Any CPU
		{D5DBB9DF-5569-C95B-42A6-74A53B96A4FF}.Release|Any CPU.Build.0 = Release|Any CPU
	EndGlobalSection
	GlobalSection(SolutionProperties) = preSolution
		HideSolutionNode = FALSE
	EndGlobalSection
	GlobalSection(ExtensibilityGlobals) = postSolution
		SolutionGuid = {45EFF21B-6DCA-4E02-A596-951F73D5062B}
	EndGlobalSection
EndGlobal
