Microsoft Visual Studio Solution File, Format Version 12.00
# Visual Studio Version 17
VisualStudioVersion = 17.5.2.0
MinimumVisualStudioVersion = 10.0.40219.1
Project("{FAE04EC0-301F-11D3-BF4B-00C04F79EFBC}") = "StudentMgmtSystemApp", "StudentMgmtSystemApp.csproj", "{87F81D62-6AF0-09FE-CBA2-B30BC0FF619F}"
EndProject
Global
	GlobalSection(SolutionConfigurationPlatforms) = preSolution
		Debug|Any CPU = Debug|Any CPU
		Release|Any CPU = Release|Any CPU
	EndGlobalSection
	GlobalSection(ProjectConfigurationPlatforms) = postSolution
		{87F81D62-6AF0-09FE-CBA2-B30BC0FF619F}.Debug|Any CPU.ActiveCfg = Debug|Any CPU
		{87F81D62-6AF0-09FE-CBA2-B30BC0FF619F}.Debug|Any CPU.Build.0 = Debug|Any CPU
		{87F81D62-6AF0-09FE-CBA2-B30BC0FF619F}.Release|Any CPU.ActiveCfg = Release|Any CPU
		{87F81D62-6AF0-09FE-CBA2-B30BC0FF619F}.Release|Any CPU.Build.0 = Release|Any CPU
	EndGlobalSection
	GlobalSection(SolutionProperties) = preSolution
		HideSolutionNode = FALSE
	EndGlobalSection
	GlobalSection(ExtensibilityGlobals) = postSolution
		SolutionGuid = {C277B6DB-335A-4760-A222-A44E7BA7BE88}
	EndGlobalSection
EndGlobal
